
Microsoft Visual Studio Solution File, Format Version 12.00
# Visual Studio 15
VisualStudioVersion = 15.0.27428.2043
MinimumVisualStudioVersion = 10.0.40219.1
Project("{8BC9CEB8-8B4A-11D0-8D11-00A0C91BC942}") = "SgEcs", "SgEcs\SgEcs.vcxproj", "{DFA7B928-839A-412D-84E0-F1BD78B2EEB6}"
EndProject
Project("{2150E333-8FDC-42A3-9474-1A3956D46DE8}") = "Solution Items", "Solution Items", "{85EAA0EB-F235-4D06-839C-945FC5F95168}"
	ProjectSection(SolutionItems) = preProject
		README.md = README.md
	EndProjectSection
EndProject
Global
	GlobalSection(SolutionConfigurationPlatforms) = preSolution
		Debug|x64 = Debug|x64
		Debug|x86 = Debug|x86
		Release|x64 = Release|x64
		Release|x86 = Release|x86
	EndGlobalSection
	GlobalSection(ProjectConfigurationPlatforms) = postSolution
		{DFA7B928-839A-412D-84E0-F1BD78B2EEB6}.Debug|x64.ActiveCfg = Debug|x64
		{DFA7B928-839A-412D-84E0-F1BD78B2EEB6}.Debug|x64.Build.0 = Debug|x64
		{DFA7B928-839A-412D-84E0-F1BD78B2EEB6}.Debug|x86.ActiveCfg = Debug|Win32
		{DFA7B928-839A-412D-84E0-F1BD78B2EEB6}.Debug|x86.Build.0 = Debug|Win32
		{DFA7B928-839A-412D-84E0-F1BD78B2EEB6}.Release|x64.ActiveCfg = Release|x64
		{DFA7B928-839A-412D-84E0-F1BD78B2EEB6}.Release|x64.Build.0 = Release|x64
		{DFA7B928-839A-412D-84E0-F1BD78B2EEB6}.Release|x86.ActiveCfg = Release|Win32
		{DFA7B928-839A-412D-84E0-F1BD78B2EEB6}.Release|x86.Build.0 = Release|Win32
	EndGlobalSection
	GlobalSection(SolutionProperties) = preSolution
		HideSolutionNode = FALSE
	EndGlobalSection
	GlobalSection(ExtensibilityGlobals) = postSolution
		SolutionGuid = {0A2DDC5B-A789-4F8E-ACB1-BF5B16C1113A}
	EndGlobalSection
EndGlobal
